
Microsoft Visual Studio Solution File, Format Version 12.00
# Visual Studio Version 16
VisualStudioVersion = 16.0.34601.136
MinimumVisualStudioVersion = 10.0.40219.1
Project("{FAE04EC0-301F-11D3-BF4B-00C04F79EFBC}") = "Assignment_3", "Assignment_3.csproj", "{A518AF91-430F-42D4-9D61-1ECD549E0E67}"
EndProject
Global
	GlobalSection(SolutionConfigurationPlatforms) = preSolution
		Debug|Any CPU = Debug|Any CPU
		Release|Any CPU = Release|Any CPU
	EndGlobalSection
	GlobalSection(ProjectConfigurationPlatforms) = postSolution
		{A518AF91-430F-42D4-9D61-1ECD549E0E67}.Debug|Any CPU.ActiveCfg = Debug|Any CPU
		{A518AF91-430F-42D4-9D61-1ECD549E0E67}.Debug|Any CPU.Build.0 = Debug|Any CPU
		{A518AF91-430F-42D4-9D61-1ECD549E0E67}.Release|Any CPU.ActiveCfg = Release|Any CPU
		{A518AF91-430F-42D4-9D61-1ECD549E0E67}.Release|Any CPU.Build.0 = Release|Any CPU
	EndGlobalSection
	GlobalSection(SolutionProperties) = preSolution
		HideSolutionNode = FALSE
	EndGlobalSection
	GlobalSection(ExtensibilityGlobals) = postSolution
		SolutionGuid = {321BCFC8-E7F1-4093-96DA-2FE9BD443B50}
	EndGlobalSection
EndGlobal
