
Microsoft Visual Studio Solution File, Format Version 12.00
# Visual Studio Version 16
VisualStudioVersion = 16.0.34601.136
MinimumVisualStudioVersion = 10.0.40219.1
Project("{FAE04EC0-301F-11D3-BF4B-00C04F79EFBC}") = "Assessment_3", "Assessment_3.csproj", "{B39C64AE-EB2C-4CC8-89D0-DBF2D9A46FDB}"
EndProject
Global
	GlobalSection(SolutionConfigurationPlatforms) = preSolution
		Debug|Any CPU = Debug|Any CPU
		Release|Any CPU = Release|Any CPU
	EndGlobalSection
	GlobalSection(ProjectConfigurationPlatforms) = postSolution
		{B39C64AE-EB2C-4CC8-89D0-DBF2D9A46FDB}.Debug|Any CPU.ActiveCfg = Debug|Any CPU
		{B39C64AE-EB2C-4CC8-89D0-DBF2D9A46FDB}.Debug|Any CPU.Build.0 = Debug|Any CPU
		{B39C64AE-EB2C-4CC8-89D0-DBF2D9A46FDB}.Release|Any CPU.ActiveCfg = Release|Any CPU
		{B39C64AE-EB2C-4CC8-89D0-DBF2D9A46FDB}.Release|Any CPU.Build.0 = Release|Any CPU
	EndGlobalSection
	GlobalSection(SolutionProperties) = preSolution
		HideSolutionNode = FALSE
	EndGlobalSection
	GlobalSection(ExtensibilityGlobals) = postSolution
		SolutionGuid = {E0FADB0A-AD92-4DE8-B71C-B6102940C5DD}
	EndGlobalSection
EndGlobal
