
Microsoft Visual Studio Solution File, Format Version 12.00
# Visual Studio Version 16
VisualStudioVersion = 16.0.34601.136
MinimumVisualStudioVersion = 10.0.40219.1
Project("{FAE04EC0-301F-11D3-BF4B-00C04F79EFBC}") = "Assignment_5", "Assignment_5.csproj", "{47543579-0985-4AC0-B2D5-7205FA32A451}"
EndProject
Global
	GlobalSection(SolutionConfigurationPlatforms) = preSolution
		Debug|Any CPU = Debug|Any CPU
		Release|Any CPU = Release|Any CPU
	EndGlobalSection
	GlobalSection(ProjectConfigurationPlatforms) = postSolution
		{47543579-0985-4AC0-B2D5-7205FA32A451}.Debug|Any CPU.ActiveCfg = Debug|Any CPU
		{47543579-0985-4AC0-B2D5-7205FA32A451}.Debug|Any CPU.Build.0 = Debug|Any CPU
		{47543579-0985-4AC0-B2D5-7205FA32A451}.Release|Any CPU.ActiveCfg = Release|Any CPU
		{47543579-0985-4AC0-B2D5-7205FA32A451}.Release|Any CPU.Build.0 = Release|Any CPU
	EndGlobalSection
	GlobalSection(SolutionProperties) = preSolution
		HideSolutionNode = FALSE
	EndGlobalSection
	GlobalSection(ExtensibilityGlobals) = postSolution
		SolutionGuid = {A6D0F914-4CB3-4036-8378-C6E907FB9DC5}
	EndGlobalSection
EndGlobal
